
Microsoft Visual Studio Solution File, Format Version 12.00
# Visual Studio 14
VisualStudioVersion = 14.0.25420.1
MinimumVisualStudioVersion = 10.0.40219.1
Project("{FAE04EC0-301F-11D3-BF4B-00C04F79EFBC}") = "KTB.Client", "KTB.Client\KTB.Client.csproj", "{BC1FE180-5BE0-4C72-8850-E8BC9F171F48}"
EndProject
Project("{FAE04EC0-301F-11D3-BF4B-00C04F79EFBC}") = "KTB.Data", "KTB.Data\KTB.Data.csproj", "{17C0072A-298A-4B33-B215-87A629EF034E}"
EndProject
Project("{FAE04EC0-301F-11D3-BF4B-00C04F79EFBC}") = "KTB.Models", "KTB.Models\KTB.Models.csproj", "{63B48EA1-951C-4C8E-B40B-CA385FC7D8FC}"
EndProject
Project("{FAE04EC0-301F-11D3-BF4B-00C04F79EFBC}") = "KTB.Import", "KTB.Import\KTB.Import.csproj", "{9A69DBFA-B211-4595-B9C9-900A123A82B7}"
EndProject
Global
	GlobalSection(SolutionConfigurationPlatforms) = preSolution
		Debug|Any CPU = Debug|Any CPU
		Release|Any CPU = Release|Any CPU
	EndGlobalSection
	GlobalSection(ProjectConfigurationPlatforms) = postSolution
		{BC1FE180-5BE0-4C72-8850-E8BC9F171F48}.Debug|Any CPU.ActiveCfg = Debug|Any CPU
		{BC1FE180-5BE0-4C72-8850-E8BC9F171F48}.Debug|Any CPU.Build.0 = Debug|Any CPU
		{BC1FE180-5BE0-4C72-8850-E8BC9F171F48}.Release|Any CPU.ActiveCfg = Release|Any CPU
		{BC1FE180-5BE0-4C72-8850-E8BC9F171F48}.Release|Any CPU.Build.0 = Release|Any CPU
		{17C0072A-298A-4B33-B215-87A629EF034E}.Debug|Any CPU.ActiveCfg = Debug|Any CPU
		{17C0072A-298A-4B33-B215-87A629EF034E}.Debug|Any CPU.Build.0 = Debug|Any CPU
		{17C0072A-298A-4B33-B215-87A629EF034E}.Release|Any CPU.ActiveCfg = Release|Any CPU
		{17C0072A-298A-4B33-B215-87A629EF034E}.Release|Any CPU.Build.0 = Release|Any CPU
		{63B48EA1-951C-4C8E-B40B-CA385FC7D8FC}.Debug|Any CPU.ActiveCfg = Debug|Any CPU
		{63B48EA1-951C-4C8E-B40B-CA385FC7D8FC}.Debug|Any CPU.Build.0 = Debug|Any CPU
		{63B48EA1-951C-4C8E-B40B-CA385FC7D8FC}.Release|Any CPU.ActiveCfg = Release|Any CPU
		{63B48EA1-951C-4C8E-B40B-CA385FC7D8FC}.Release|Any CPU.Build.0 = Release|Any CPU
		{9A69DBFA-B211-4595-B9C9-900A123A82B7}.Debug|Any CPU.ActiveCfg = Debug|Any CPU
		{9A69DBFA-B211-4595-B9C9-900A123A82B7}.Debug|Any CPU.Build.0 = Debug|Any CPU
		{9A69DBFA-B211-4595-B9C9-900A123A82B7}.Release|Any CPU.ActiveCfg = Release|Any CPU
		{9A69DBFA-B211-4595-B9C9-900A123A82B7}.Release|Any CPU.Build.0 = Release|Any CPU
	EndGlobalSection
	GlobalSection(SolutionProperties) = preSolution
		HideSolutionNode = FALSE
	EndGlobalSection
EndGlobal
