
Microsoft Visual Studio Solution File, Format Version 12.00
# Visual Studio 14
VisualStudioVersion = 14.0.25420.1
MinimumVisualStudioVersion = 10.0.40219.1
Project("{FAE04EC0-301F-11D3-BF4B-00C04F79EFBC}") = "EmployeesFromSeattle", "EmployeesFromSeattle\EmployeesFromSeattle.csproj", "{6662E7A3-381B-48CF-9D00-FBE53928640F}"
EndProject
Project("{FAE04EC0-301F-11D3-BF4B-00C04F79EFBC}") = "GringottsDatabase", "GringottsDatabase\GringottsDatabase.csproj", "{5AC8942B-5B34-4626-BBA7-048C589B39A5}"
EndProject
Global
	GlobalSection(SolutionConfigurationPlatforms) = preSolution
		Debug|Any CPU = Debug|Any CPU
		Release|Any CPU = Release|Any CPU
	EndGlobalSection
	GlobalSection(ProjectConfigurationPlatforms) = postSolution
		{6662E7A3-381B-48CF-9D00-FBE53928640F}.Debug|Any CPU.ActiveCfg = Debug|Any CPU
		{6662E7A3-381B-48CF-9D00-FBE53928640F}.Debug|Any CPU.Build.0 = Debug|Any CPU
		{6662E7A3-381B-48CF-9D00-FBE53928640F}.Release|Any CPU.ActiveCfg = Release|Any CPU
		{6662E7A3-381B-48CF-9D00-FBE53928640F}.Release|Any CPU.Build.0 = Release|Any CPU
		{5AC8942B-5B34-4626-BBA7-048C589B39A5}.Debug|Any CPU.ActiveCfg = Debug|Any CPU
		{5AC8942B-5B34-4626-BBA7-048C589B39A5}.Debug|Any CPU.Build.0 = Debug|Any CPU
		{5AC8942B-5B34-4626-BBA7-048C589B39A5}.Release|Any CPU.ActiveCfg = Release|Any CPU
		{5AC8942B-5B34-4626-BBA7-048C589B39A5}.Release|Any CPU.Build.0 = Release|Any CPU
	EndGlobalSection
	GlobalSection(SolutionProperties) = preSolution
		HideSolutionNode = FALSE
	EndGlobalSection
EndGlobal
