
Microsoft Visual Studio Solution File, Format Version 12.00
# Visual Studio 14
VisualStudioVersion = 14.0.25420.1
MinimumVisualStudioVersion = 10.0.40219.1
Project("{FAE04EC0-301F-11D3-BF4B-00C04F79EFBC}") = "ProductShop", "ProductShop\ProductShop.csproj", "{C507518B-3100-484E-9AAD-37820A4B26D2}"
EndProject
Project("{FAE04EC0-301F-11D3-BF4B-00C04F79EFBC}") = "CarDealer", "CarDealer\CarDealer.csproj", "{713D45A3-193E-498F-92D3-FE5956D8BEB5}"
EndProject
Global
	GlobalSection(SolutionConfigurationPlatforms) = preSolution
		Debug|Any CPU = Debug|Any CPU
		Release|Any CPU = Release|Any CPU
	EndGlobalSection
	GlobalSection(ProjectConfigurationPlatforms) = postSolution
		{C507518B-3100-484E-9AAD-37820A4B26D2}.Debug|Any CPU.ActiveCfg = Debug|Any CPU
		{C507518B-3100-484E-9AAD-37820A4B26D2}.Debug|Any CPU.Build.0 = Debug|Any CPU
		{C507518B-3100-484E-9AAD-37820A4B26D2}.Release|Any CPU.ActiveCfg = Release|Any CPU
		{C507518B-3100-484E-9AAD-37820A4B26D2}.Release|Any CPU.Build.0 = Release|Any CPU
		{713D45A3-193E-498F-92D3-FE5956D8BEB5}.Debug|Any CPU.ActiveCfg = Debug|Any CPU
		{713D45A3-193E-498F-92D3-FE5956D8BEB5}.Debug|Any CPU.Build.0 = Debug|Any CPU
		{713D45A3-193E-498F-92D3-FE5956D8BEB5}.Release|Any CPU.ActiveCfg = Release|Any CPU
		{713D45A3-193E-498F-92D3-FE5956D8BEB5}.Release|Any CPU.Build.0 = Release|Any CPU
	EndGlobalSection
	GlobalSection(SolutionProperties) = preSolution
		HideSolutionNode = FALSE
	EndGlobalSection
EndGlobal
